
Microsoft Visual Studio Solution File, Format Version 12.00
# Visual Studio Version 17
VisualStudioVersion = 17.5.33502.453
MinimumVisualStudioVersion = 10.0.40219.1
Project("{FAE04EC0-301F-11D3-BF4B-00C04F79EFBC}") = "waGimnasio", "waGimnasio.csproj", "{EE433A91-426D-4E4A-80B3-EDE308590BC7}"
EndProject
Global
	GlobalSection(SolutionConfigurationPlatforms) = preSolution
		Debug|Any CPU = Debug|Any CPU
		Release|Any CPU = Release|Any CPU
	EndGlobalSection
	GlobalSection(ProjectConfigurationPlatforms) = postSolution
		{EE433A91-426D-4E4A-80B3-EDE308590BC7}.Debug|Any CPU.ActiveCfg = Debug|Any CPU
		{EE433A91-426D-4E4A-80B3-EDE308590BC7}.Debug|Any CPU.Build.0 = Debug|Any CPU
		{EE433A91-426D-4E4A-80B3-EDE308590BC7}.Release|Any CPU.ActiveCfg = Release|Any CPU
		{EE433A91-426D-4E4A-80B3-EDE308590BC7}.Release|Any CPU.Build.0 = Release|Any CPU
	EndGlobalSection
	GlobalSection(SolutionProperties) = preSolution
		HideSolutionNode = FALSE
	EndGlobalSection
	GlobalSection(ExtensibilityGlobals) = postSolution
		SolutionGuid = {B2DCE672-A3C1-41BB-B603-9DFC671CED78}
	EndGlobalSection
EndGlobal
